
Microsoft Visual Studio Solution File, Format Version 11.00
# Visual Studio 2010
# SharpDevelop 5.1
Project("{FAE04EC0-301F-11D3-BF4B-00C04F79EFBC}") = "WernerCAD", "WernerCAD\WernerCAD.csproj", "{CF40EEEF-6B31-4BD9-94D4-580FACCD71DF}"
EndProject
Global
	GlobalSection(SolutionConfigurationPlatforms) = preSolution
		Debug|Any CPU = Debug|Any CPU
		Release|Any CPU = Release|Any CPU
	EndGlobalSection
	GlobalSection(ProjectConfigurationPlatforms) = postSolution
		{CF40EEEF-6B31-4BD9-94D4-580FACCD71DF}.Debug|Any CPU.ActiveCfg = Debug|Any CPU
		{CF40EEEF-6B31-4BD9-94D4-580FACCD71DF}.Debug|Any CPU.Build.0 = Debug|Any CPU
		{CF40EEEF-6B31-4BD9-94D4-580FACCD71DF}.Release|Any CPU.ActiveCfg = Release|Any CPU
		{CF40EEEF-6B31-4BD9-94D4-580FACCD71DF}.Release|Any CPU.Build.0 = Release|Any CPU
	EndGlobalSection
EndGlobal
